// !$*UTF8*$!
{
	archiveVersion = 1;
	classes = {
	};
	objectVersion = 50;
	objects = {

/* Begin PBXBuildFile section */
		A098973A25F35FFC00BFA25F /* AppDelegate.swift in Sources */ = {isa = PBXBuildFile; fileRef = A098973925F35FFC00BFA25F /* AppDelegate.swift */; };
		A098973C25F35FFC00BFA25F /* SceneDelegate.swift in Sources */ = {isa = PBXBuildFile; fileRef = A098973B25F35FFC00BFA25F /* SceneDelegate.swift */; };
		A098973E25F35FFC00BFA25F /* ContentView.swift in Sources */ = {isa = PBXBuildFile; fileRef = A098973D25F35FFC00BFA25F /* ContentView.swift */; };
		A098974025F35FFD00BFA25F /* Assets.xcassets in Resources */ = {isa = PBXBuildFile; fileRef = A098973F25F35FFD00BFA25F /* Assets.xcassets */; };
		A098974325F35FFD00BFA25F /* Preview Assets.xcassets in Resources */ = {isa = PBXBuildFile; fileRef = A098974225F35FFD00BFA25F /* Preview Assets.xcassets */; };
		A098974625F35FFD00BFA25F /* LaunchScreen.storyboard in Resources */ = {isa = PBXBuildFile; fileRef = A098974425F35FFD00BFA25F /* LaunchScreen.storyboard */; };
		A098975125F35FFE00BFA25F /* counterTests.swift in Sources */ = {isa = PBXBuildFile; fileRef = A098975025F35FFE00BFA25F /* counterTests.swift */; };
		A098975C25F35FFE00BFA25F /* counterUITests.swift in Sources */ = {isa = PBXBuildFile; fileRef = A098975B25F35FFE00BFA25F /* counterUITests.swift */; };
/* End PBXBuildFile section */

/* Begin PBXContainerItemProxy section */
		A098974D25F35FFE00BFA25F /* PBXContainerItemProxy */ = {
			isa = PBXContainerItemProxy;
			containerPortal = A098972E25F35FFC00BFA25F /* Project object */;
			proxyType = 1;
			remoteGlobalIDString = A098973525F35FFC00BFA25F;
			remoteInfo = counter;
		};
		A098975825F35FFE00BFA25F /* PBXContainerItemProxy */ = {
			isa = PBXContainerItemProxy;
			containerPortal = A098972E25F35FFC00BFA25F /* Project object */;
			proxyType = 1;
			remoteGlobalIDString = A098973525F35FFC00BFA25F;
			remoteInfo = counter;
		};
/* End PBXContainerItemProxy section */

/* Begin PBXFileReference section */
		A098973625F35FFC00BFA25F /* counter.app */ = {isa = PBXFileReference; explicitFileType = wrapper.application; includeInIndex = 0; path = counter.app; sourceTree = BUILT_PRODUCTS_DIR; };
		A098973925F35FFC00BFA25F /* AppDelegate.swift */ = {isa = PBXFileReference; lastKnownFileType = sourcecode.swift; path = AppDelegate.swift; sourceTree = "<group>"; };
		A098973B25F35FFC00BFA25F /* SceneDelegate.swift */ = {isa = PBXFileReference; lastKnownFileType = sourcecode.swift; path = SceneDelegate.swift; sourceTree = "<group>"; };
		A098973D25F35FFC00BFA25F /* ContentView.swift */ = {isa = PBXFileReference; lastKnownFileType = sourcecode.swift; path = ContentView.swift; sourceTree = "<group>"; };
		A098973F25F35FFD00BFA25F /* Assets.xcassets */ = {isa = PBXFileReference; lastKnownFileType = folder.assetcatalog; path = Assets.xcassets; sourceTree = "<group>"; };
		A098974225F35FFD00BFA25F /* Preview Assets.xcassets */ = {isa = PBXFileReference; lastKnownFileType = folder.assetcatalog; path = "Preview Assets.xcassets"; sourceTree = "<group>"; };
		A098974525F35FFD00BFA25F /* Base */ = {isa = PBXFileReference; lastKnownFileType = file.storyboard; name = Base; path = Base.lproj/LaunchScreen.storyboard; sourceTree = "<group>"; };
		A098974725F35FFD00BFA25F /* Info.plist */ = {isa = PBXFileReference; lastKnownFileType = text.plist.xml; path = Info.plist; sourceTree = "<group>"; };
		A098974C25F35FFE00BFA25F /* counterTests.xctest */ = {isa = PBXFileReference; explicitFileType = wrapper.cfbundle; includeInIndex = 0; path = counterTests.xctest; sourceTree = BUILT_PRODUCTS_DIR; };
		A098975025F35FFE00BFA25F /* counterTests.swift */ = {isa = PBXFileReference; lastKnownFileType = sourcecode.swift; path = counterTests.swift; sourceTree = "<group>"; };
		A098975225F35FFE00BFA25F /* Info.plist */ = {isa = PBXFileReference; lastKnownFileType = text.plist.xml; path = Info.plist; sourceTree = "<group>"; };
		A098975725F35FFE00BFA25F /* counterUITests.xctest */ = {isa = PBXFileReference; explicitFileType = wrapper.cfbundle; includeInIndex = 0; path = counterUITests.xctest; sourceTree = BUILT_PRODUCTS_DIR; };
		A098975B25F35FFE00BFA25F /* counterUITests.swift */ = {isa = PBXFileReference; lastKnownFileType = sourcecode.swift; path = counterUITests.swift; sourceTree = "<group>"; };
		A098975D25F35FFE00BFA25F /* Info.plist */ = {isa = PBXFileReference; lastKnownFileType = text.plist.xml; path = Info.plist; sourceTree = "<group>"; };
/* End PBXFileReference section */

/* Begin PBXFrameworksBuildPhase section */
		A098973325F35FFC00BFA25F /* Frameworks */ = {
			isa = PBXFrameworksBuildPhase;
			buildActionMask = 2147483647;
			files = (
			);
			runOnlyForDeploymentPostprocessing = 0;
		};
		A098974925F35FFE00BFA25F /* Frameworks */ = {
			isa = PBXFrameworksBuildPhase;
			buildActionMask = 2147483647;
			files = (
			);
			runOnlyForDeploymentPostprocessing = 0;
		};
		A098975425F35FFE00BFA25F /* Frameworks */ = {
			isa = PBXFrameworksBuildPhase;
			buildActionMask = 2147483647;
			files = (
			);
			runOnlyForDeploymentPostprocessing = 0;
		};
/* End PBXFrameworksBuildPhase section */

/* Begin PBXGroup section */
		A098972D25F35FFB00BFA25F = {
			isa = PBXGroup;
			children = (
				A098973825F35FFC00BFA25F /* counter */,
				A098974F25F35FFE00BFA25F /* counterTests */,
				A098975A25F35FFE00BFA25F /* counterUITests */,
				A098973725F35FFC00BFA25F /* Products */,
			);
			sourceTree = "<group>";
		};
		A098973725F35FFC00BFA25F /* Products */ = {
			isa = PBXGroup;
			children = (
				A098973625F35FFC00BFA25F /* counter.app */,
				A098974C25F35FFE00BFA25F /* counterTests.xctest */,
				A098975725F35FFE00BFA25F /* counterUITests.xctest */,
			);
			name = Products;
			sourceTree = "<group>";
		};
		A098973825F35FFC00BFA25F /* counter */ = {
			isa = PBXGroup;
			children = (
				A098973925F35FFC00BFA25F /* AppDelegate.swift */,
				A098973B25F35FFC00BFA25F /* SceneDelegate.swift */,
				A098973D25F35FFC00BFA25F /* ContentView.swift */,
				A098973F25F35FFD00BFA25F /* Assets.xcassets */,
				A098974425F35FFD00BFA25F /* LaunchScreen.storyboard */,
				A098974725F35FFD00BFA25F /* Info.plist */,
				A098974125F35FFD00BFA25F /* Preview Content */,
			);
			path = counter;
			sourceTree = "<group>";
		};
		A098974125F35FFD00BFA25F /* Preview Content */ = {
			isa = PBXGroup;
			children = (
				A098974225F35FFD00BFA25F /* Preview Assets.xcassets */,
			);
			path = "Preview Content";
			sourceTree = "<group>";
		};
		A098974F25F35FFE00BFA25F /* counterTests */ = {
			isa = PBXGroup;
			children = (
				A098975025F35FFE00BFA25F /* counterTests.swift */,
				A098975225F35FFE00BFA25F /* Info.plist */,
			);
			path = counterTests;
			sourceTree = "<group>";
		};
		A098975A25F35FFE00BFA25F /* counterUITests */ = {
			isa = PBXGroup;
			children = (
				A098975B25F35FFE00BFA25F /* counterUITests.swift */,
				A098975D25F35FFE00BFA25F /* Info.plist */,
			);
			path = counterUITests;
			sourceTree = "<group>";
		};
/* End PBXGroup section */

/* Begin PBXNativeTarget section */
		A098973525F35FFC00BFA25F /* counter */ = {
			isa = PBXNativeTarget;
			buildConfigurationList = A098976025F35FFE00BFA25F /* Build configuration list for PBXNativeTarget "counter" */;
			buildPhases = (
				A098973225F35FFC00BFA25F /* Sources */,
				A098973325F35FFC00BFA25F /* Frameworks */,
				A098973425F35FFC00BFA25F /* Resources */,
			);
			buildRules = (
			);
			dependencies = (
			);
			name = counter;
			productName = counter;
			productReference = A098973625F35FFC00BFA25F /* counter.app */;
			productType = "com.apple.product-type.application";
		};
		A098974B25F35FFE00BFA25F /* counterTests */ = {
			isa = PBXNativeTarget;
			buildConfigurationList = A098976325F35FFE00BFA25F /* Build configuration list for PBXNativeTarget "counterTests" */;
			buildPhases = (
				A098974825F35FFE00BFA25F /* Sources */,
				A098974925F35FFE00BFA25F /* Frameworks */,
				A098974A25F35FFE00BFA25F /* Resources */,
			);
			buildRules = (
			);
			dependencies = (
				A098974E25F35FFE00BFA25F /* PBXTargetDependency */,
			);
			name = counterTests;
			productName = counterTests;
			productReference = A098974C25F35FFE00BFA25F /* counterTests.xctest */;
			productType = "com.apple.product-type.bundle.unit-test";
		};
		A098975625F35FFE00BFA25F /* counterUITests */ = {
			isa = PBXNativeTarget;
			buildConfigurationList = A098976625F35FFE00BFA25F /* Build configuration list for PBXNativeTarget "counterUITests" */;
			buildPhases = (
				A098975325F35FFE00BFA25F /* Sources */,
				A098975425F35FFE00BFA25F /* Frameworks */,
				A098975525F35FFE00BFA25F /* Resources */,
			);
			buildRules = (
			);
			dependencies = (
				A098975925F35FFE00BFA25F /* PBXTargetDependency */,
			);
			name = counterUITests;
			productName = counterUITests;
			productReference = A098975725F35FFE00BFA25F /* counterUITests.xctest */;
			productType = "com.apple.product-type.bundle.ui-testing";
		};
/* End PBXNativeTarget section */

/* Begin PBXProject section */
		A098972E25F35FFC00BFA25F /* Project object */ = {
			isa = PBXProject;
			attributes = {
				LastSwiftUpdateCheck = 1240;
				LastUpgradeCheck = 1240;
				TargetAttributes = {
					A098973525F35FFC00BFA25F = {
						CreatedOnToolsVersion = 12.4;
					};
					A098974B25F35FFE00BFA25F = {
						CreatedOnToolsVersion = 12.4;
						TestTargetID = A098973525F35FFC00BFA25F;
					};
					A098975625F35FFE00BFA25F = {
						CreatedOnToolsVersion = 12.4;
						TestTargetID = A098973525F35FFC00BFA25F;
					};
				};
			};
			buildConfigurationList = A098973125F35FFC00BFA25F /* Build configuration list for PBXProject "counter" */;
			compatibilityVersion = "Xcode 9.3";
			developmentRegion = en;
			hasScannedForEncodings = 0;
			knownRegions = (
				en,
				Base,
			);
			mainGroup = A098972D25F35FFB00BFA25F;
			productRefGroup = A098973725F35FFC00BFA25F /* Products */;
			projectDirPath = "";
			projectRoot = "";
			targets = (
				A098973525F35FFC00BFA25F /* counter */,
				A098974B25F35FFE00BFA25F /* counterTests */,
				A098975625F35FFE00BFA25F /* counterUITests */,
			);
		};
/* End PBXProject section */

/* Begin PBXResourcesBuildPhase section */
		A098973425F35FFC00BFA25F /* Resources */ = {
			isa = PBXResourcesBuildPhase;
			buildActionMask = 2147483647;
			files = (
				A098974625F35FFD00BFA25F /* LaunchScreen.storyboard in Resources */,
				A098974325F35FFD00BFA25F /* Preview Assets.xcassets in Resources */,
				A098974025F35FFD00BFA25F /* Assets.xcassets in Resources */,
			);
			runOnlyForDeploymentPostprocessing = 0;
		};
		A098974A25F35FFE00BFA25F /* Resources */ = {
			isa = PBXResourcesBuildPhase;
			buildActionMask = 2147483647;
			files = (
			);
			runOnlyForDeploymentPostprocessing = 0;
		};
		A098975525F35FFE00BFA25F /* Resources */ = {
			isa = PBXResourcesBuildPhase;
			buildActionMask = 2147483647;
			files = (
			);
			runOnlyForDeploymentPostprocessing = 0;
		};
/* End PBXResourcesBuildPhase section */

/* Begin PBXSourcesBuildPhase section */
		A098973225F35FFC00BFA25F /* Sources */ = {
			isa = PBXSourcesBuildPhase;
			buildActionMask = 2147483647;
			files = (
				A098973A25F35FFC00BFA25F /* AppDelegate.swift in Sources */,
				A098973C25F35FFC00BFA25F /* SceneDelegate.swift in Sources */,
				A098973E25F35FFC00BFA25F /* ContentView.swift in Sources */,
			);
			runOnlyForDeploymentPostprocessing = 0;
		};
		A098974825F35FFE00BFA25F /* Sources */ = {
			isa = PBXSourcesBuildPhase;
			buildActionMask = 2147483647;
			files = (
				A098975125F35FFE00BFA25F /* counterTests.swift in Sources */,
			);
			runOnlyForDeploymentPostprocessing = 0;
		};
		A098975325F35FFE00BFA25F /* Sources */ = {
			isa = PBXSourcesBuildPhase;
			buildActionMask = 2147483647;
			files = (
				A098975C25F35FFE00BFA25F /* counterUITests.swift in Sources */,
			);
			runOnlyForDeploymentPostprocessing = 0;
		};
/* End PBXSourcesBuildPhase section */

/* Begin PBXTargetDependency section */
		A098974E25F35FFE00BFA25F /* PBXTargetDependency */ = {
			isa = PBXTargetDependency;
			target = A098973525F35FFC00BFA25F /* counter */;
			targetProxy = A098974D25F35FFE00BFA25F /* PBXContainerItemProxy */;
		};
		A098975925F35FFE00BFA25F /* PBXTargetDependency */ = {
			isa = PBXTargetDependency;
			target = A098973525F35FFC00BFA25F /* counter */;
			targetProxy = A098975825F35FFE00BFA25F /* PBXContainerItemProxy */;
		};
/* End PBXTargetDependency section */

/* Begin PBXVariantGroup section */
		A098974425F35FFD00BFA25F /* LaunchScreen.storyboard */ = {
			isa = PBXVariantGroup;
			children = (
				A098974525F35FFD00BFA25F /* Base */,
			);
			name = LaunchScreen.storyboard;
			sourceTree = "<group>";
		};
/* End PBXVariantGroup section */

/* Begin XCBuildConfiguration section */
		A098975E25F35FFE00BFA25F /* Debug */ = {
			isa = XCBuildConfiguration;
			buildSettings = {
				ALWAYS_SEARCH_USER_PATHS = NO;
				CLANG_ANALYZER_NONNULL = YES;
				CLANG_ANALYZER_NUMBER_OBJECT_CONVERSION = YES_AGGRESSIVE;
				CLANG_CXX_LANGUAGE_STANDARD = "gnu++14";
				CLANG_CXX_LIBRARY = "libc++";
				CLANG_ENABLE_MODULES = YES;
				CLANG_ENABLE_OBJC_ARC = YES;
				CLANG_ENABLE_OBJC_WEAK = YES;
				CLANG_WARN_BLOCK_CAPTURE_AUTORELEASING = YES;
				CLANG_WARN_BOOL_CONVERSION = YES;
				CLANG_WARN_COMMA = YES;
				CLANG_WARN_CONSTANT_CONVERSION = YES;
				CLANG_WARN_DEPRECATED_OBJC_IMPLEMENTATIONS = YES;
				CLANG_WARN_DIRECT_OBJC_ISA_USAGE = YES_ERROR;
				CLANG_WARN_DOCUMENTATION_COMMENTS = YES;
				CLANG_WARN_EMPTY_BODY = YES;
				CLANG_WARN_ENUM_CONVERSION = YES;
				CLANG_WARN_INFINITE_RECURSION = YES;
				CLANG_WARN_INT_CONVERSION = YES;
				CLANG_WARN_NON_LITERAL_NULL_CONVERSION = YES;
				CLANG_WARN_OBJC_IMPLICIT_RETAIN_SELF = YES;
				CLANG_WARN_OBJC_LITERAL_CONVERSION = YES;
				CLANG_WARN_OBJC_ROOT_CLASS = YES_ERROR;
				CLANG_WARN_QUOTED_INCLUDE_IN_FRAMEWORK_HEADER = YES;
				CLANG_WARN_RANGE_LOOP_ANALYSIS = YES;
				CLANG_WARN_STRICT_PROTOTYPES = YES;
				CLANG_WARN_SUSPICIOUS_MOVE = YES;
				CLANG_WARN_UNGUARDED_AVAILABILITY = YES_AGGRESSIVE;
				CLANG_WARN_UNREACHABLE_CODE = YES;
				CLANG_WARN__DUPLICATE_METHOD_MATCH = YES;
				COPY_PHASE_STRIP = NO;
				DEBUG_INFORMATION_FORMAT = dwarf;
				ENABLE_STRICT_OBJC_MSGSEND = YES;
				ENABLE_TESTABILITY = YES;
				GCC_C_LANGUAGE_STANDARD = gnu11;
				GCC_DYNAMIC_NO_PIC = NO;
				GCC_NO_COMMON_BLOCKS = YES;
				GCC_OPTIMIZATION_LEVEL = 0;
				GCC_PREPROCESSOR_DEFINITIONS = (
					"DEBUG=1",
					"$(inherited)",
				);
				GCC_WARN_64_TO_32_BIT_CONVERSION = YES;
				GCC_WARN_ABOUT_RETURN_TYPE = YES_ERROR;
				GCC_WARN_UNDECLARED_SELECTOR = YES;
				GCC_WARN_UNINITIALIZED_AUTOS = YES_AGGRESSIVE;
				GCC_WARN_UNUSED_FUNCTION = YES;
				GCC_WARN_UNUSED_VARIABLE = YES;
				IPHONEOS_DEPLOYMENT_TARGET = 14.4;
				MTL_ENABLE_DEBUG_INFO = INCLUDE_SOURCE;
				MTL_FAST_MATH = YES;
				ONLY_ACTIVE_ARCH = YES;
				SDKROOT = iphoneos;
				SWIFT_ACTIVE_COMPILATION_CONDITIONS = DEBUG;
				SWIFT_OPTIMIZATION_LEVEL = "-Onone";
			};
			name = Debug;
		};
		A098975F25F35FFE00BFA25F /* Release */ = {
			isa = XCBuildConfiguration;
			buildSettings = {
				ALWAYS_SEARCH_USER_PATHS = NO;
				CLANG_ANALYZER_NONNULL = YES;
				CLANG_ANALYZER_NUMBER_OBJECT_CONVERSION = YES_AGGRESSIVE;
				CLANG_CXX_LANGUAGE_STANDARD = "gnu++14";
				CLANG_CXX_LIBRARY = "libc++";
				CLANG_ENABLE_MODULES = YES;
				CLANG_ENABLE_OBJC_ARC = YES;
				CLANG_ENABLE_OBJC_WEAK = YES;
				CLANG_WARN_BLOCK_CAPTURE_AUTORELEASING = YES;
				CLANG_WARN_BOOL_CONVERSION = YES;
				CLANG_WARN_COMMA = YES;
				CLANG_WARN_CONSTANT_CONVERSION = YES;
				CLANG_WARN_DEPRECATED_OBJC_IMPLEMENTATIONS = YES;
				CLANG_WARN_DIRECT_OBJC_ISA_USAGE = YES_ERROR;
				CLANG_WARN_DOCUMENTATION_COMMENTS = YES;
				CLANG_WARN_EMPTY_BODY = YES;
				CLANG_WARN_ENUM_CONVERSION = YES;
				CLANG_WARN_INFINITE_RECURSION = YES;
				CLANG_WARN_INT_CONVERSION = YES;
				CLANG_WARN_NON_LITERAL_NULL_CONVERSION = YES;
				CLANG_WARN_OBJC_IMPLICIT_RETAIN_SELF = YES;
				CLANG_WARN_OBJC_LITERAL_CONVERSION = YES;
				CLANG_WARN_OBJC_ROOT_CLASS = YES_ERROR;
				CLANG_WARN_QUOTED_INCLUDE_IN_FRAMEWORK_HEADER = YES;
				CLANG_WARN_RANGE_LOOP_ANALYSIS = YES;
				CLANG_WARN_STRICT_PROTOTYPES = YES;
				CLANG_WARN_SUSPICIOUS_MOVE = YES;
				CLANG_WARN_UNGUARDED_AVAILABILITY = YES_AGGRESSIVE;
				CLANG_WARN_UNREACHABLE_CODE = YES;
				CLANG_WARN__DUPLICATE_METHOD_MATCH = YES;
				COPY_PHASE_STRIP = NO;
				DEBUG_INFORMATION_FORMAT = "dwarf-with-dsym";
				ENABLE_NS_ASSERTIONS = NO;
				ENABLE_STRICT_OBJC_MSGSEND = YES;
				GCC_C_LANGUAGE_STANDARD = gnu11;
				GCC_NO_COMMON_BLOCKS = YES;
				GCC_WARN_64_TO_32_BIT_CONVERSION = YES;
				GCC_WARN_ABOUT_RETURN_TYPE = YES_ERROR;
				GCC_WARN_UNDECLARED_SELECTOR = YES;
				GCC_WARN_UNINITIALIZED_AUTOS = YES_AGGRESSIVE;
				GCC_WARN_UNUSED_FUNCTION = YES;
				GCC_WARN_UNUSED_VARIABLE = YES;
				IPHONEOS_DEPLOYMENT_TARGET = 14.4;
				MTL_ENABLE_DEBUG_INFO = NO;
				MTL_FAST_MATH = YES;
				SDKROOT = iphoneos;
				SWIFT_COMPILATION_MODE = wholemodule;
				SWIFT_OPTIMIZATION_LEVEL = "-O";
				VALIDATE_PRODUCT = YES;
			};
			name = Release;
		};
		A098976125F35FFE00BFA25F /* Debug */ = {
			isa = XCBuildConfiguration;
			buildSettings = {
				ASSETCATALOG_COMPILER_APPICON_NAME = AppIcon;
				ASSETCATALOG_COMPILER_GLOBAL_ACCENT_COLOR_NAME = AccentColor;
				CODE_SIGN_STYLE = Automatic;
				DEVELOPMENT_ASSET_PATHS = "\"counter/Preview Content\"";
				DEVELOPMENT_TEAM = D825DCKRRK;
				ENABLE_PREVIEWS = YES;
				INFOPLIST_FILE = counter/Info.plist;
				LD_RUNPATH_SEARCH_PATHS = (
					"$(inherited)",
					"@executable_path/Frameworks",
				);
				PRODUCT_BUNDLE_IDENTIFIER = "RTU-MIREA.counter";
				PRODUCT_NAME = "$(TARGET_NAME)";
				SWIFT_VERSION = 5.0;
				TARGETED_DEVICE_FAMILY = "1,2";
			};
			name = Debug;
		};
		A098976225F35FFE00BFA25F /* Release */ = {
			isa = XCBuildConfiguration;
			buildSettings = {
				ASSETCATALOG_COMPILER_APPICON_NAME = AppIcon;
				ASSETCATALOG_COMPILER_GLOBAL_ACCENT_COLOR_NAME = AccentColor;
				CODE_SIGN_STYLE = Automatic;
				DEVELOPMENT_ASSET_PATHS = "\"counter/Preview Content\"";
				DEVELOPMENT_TEAM = D825DCKRRK;
				ENABLE_PREVIEWS = YES;
				INFOPLIST_FILE = counter/Info.plist;
				LD_RUNPATH_SEARCH_PATHS = (
					"$(inherited)",
					"@executable_path/Frameworks",
				);
				PRODUCT_BUNDLE_IDENTIFIER = "RTU-MIREA.counter";
				PRODUCT_NAME = "$(TARGET_NAME)";
				SWIFT_VERSION = 5.0;
				TARGETED_DEVICE_FAMILY = "1,2";
			};
			name = Release;
		};
		A098976425F35FFE00BFA25F /* Debug */ = {
			isa = XCBuildConfiguration;
			buildSettings = {
				ALWAYS_EMBED_SWIFT_STANDARD_LIBRARIES = YES;
				BUNDLE_LOADER = "$(TEST_HOST)";
				CODE_SIGN_STYLE = Automatic;
				DEVELOPMENT_TEAM = D825DCKRRK;
				INFOPLIST_FILE = counterTests/Info.plist;
				IPHONEOS_DEPLOYMENT_TARGET = 14.4;
				LD_RUNPATH_SEARCH_PATHS = (
					"$(inherited)",
					"@executable_path/Frameworks",
					"@loader_path/Frameworks",
				);
				PRODUCT_BUNDLE_IDENTIFIER = "RTU-MIREA.counterTests";
				PRODUCT_NAME = "$(TARGET_NAME)";
				SWIFT_VERSION = 5.0;
				TARGETED_DEVICE_FAMILY = "1,2";
				TEST_HOST = "$(BUILT_PRODUCTS_DIR)/counter.app/counter";
			};
			name = Debug;
		};
		A098976525F35FFE00BFA25F /* Release */ = {
			isa = XCBuildConfiguration;
			buildSettings = {
				ALWAYS_EMBED_SWIFT_STANDARD_LIBRARIES = YES;
				BUNDLE_LOADER = "$(TEST_HOST)";
				CODE_SIGN_STYLE = Automatic;
				DEVELOPMENT_TEAM = D825DCKRRK;
				INFOPLIST_FILE = counterTests/Info.plist;
				IPHONEOS_DEPLOYMENT_TARGET = 14.4;
				LD_RUNPATH_SEARCH_PATHS = (
					"$(inherited)",
					"@executable_path/Frameworks",
					"@loader_path/Frameworks",
				);
				PRODUCT_BUNDLE_IDENTIFIER = "RTU-MIREA.counterTests";
				PRODUCT_NAME = "$(TARGET_NAME)";
				SWIFT_VERSION = 5.0;
				TARGETED_DEVICE_FAMILY = "1,2";
				TEST_HOST = "$(BUILT_PRODUCTS_DIR)/counter.app/counter";
			};
			name = Release;
		};
		A098976725F35FFE00BFA25F /* Debug */ = {
			isa = XCBuildConfiguration;
			buildSettings = {
				ALWAYS_EMBED_SWIFT_STANDARD_LIBRARIES = YES;
				CODE_SIGN_STYLE = Automatic;
				DEVELOPMENT_TEAM = D825DCKRRK;
				INFOPLIST_FILE = counterUITests/Info.plist;
				LD_RUNPATH_SEARCH_PATHS = (
					"$(inherited)",
					"@executable_path/Frameworks",
					"@loader_path/Frameworks",
				);
				PRODUCT_BUNDLE_IDENTIFIER = "RTU-MIREA.counterUITests";
				PRODUCT_NAME = "$(TARGET_NAME)";
				SWIFT_VERSION = 5.0;
				TARGETED_DEVICE_FAMILY = "1,2";
				TEST_TARGET_NAME = counter;
			};
			name = Debug;
		};
		A098976825F35FFE00BFA25F /* Release */ = {
			isa = XCBuildConfiguration;
			buildSettings = {
				ALWAYS_EMBED_SWIFT_STANDARD_LIBRARIES = YES;
				CODE_SIGN_STYLE = Automatic;
				DEVELOPMENT_TEAM = D825DCKRRK;
				INFOPLIST_FILE = counterUITests/Info.plist;
				LD_RUNPATH_SEARCH_PATHS = (
					"$(inherited)",
					"@executable_path/Frameworks",
					"@loader_path/Frameworks",
				);
				PRODUCT_BUNDLE_IDENTIFIER = "RTU-MIREA.counterUITests";
				PRODUCT_NAME = "$(TARGET_NAME)";
				SWIFT_VERSION = 5.0;
				TARGETED_DEVICE_FAMILY = "1,2";
				TEST_TARGET_NAME = counter;
			};
			name = Release;
		};
/* End XCBuildConfiguration section */

/* Begin XCConfigurationList section */
		A098973125F35FFC00BFA25F /* Build configuration list for PBXProject "counter" */ = {
			isa = XCConfigurationList;
			buildConfigurations = (
				A098975E25F35FFE00BFA25F /* Debug */,
				A098975F25F35FFE00BFA25F /* Release */,
			);
			defaultConfigurationIsVisible = 0;
			defaultConfigurationName = Release;
		};
		A098976025F35FFE00BFA25F /* Build configuration list for PBXNativeTarget "counter" */ = {
			isa = XCConfigurationList;
			buildConfigurations = (
				A098976125F35FFE00BFA25F /* Debug */,
				A098976225F35FFE00BFA25F /* Release */,
			);
			defaultConfigurationIsVisible = 0;
			defaultConfigurationName = Release;
		};
		A098976325F35FFE00BFA25F /* Build configuration list for PBXNativeTarget "counterTests" */ = {
			isa = XCConfigurationList;
			buildConfigurations = (
				A098976425F35FFE00BFA25F /* Debug */,
				A098976525F35FFE00BFA25F /* Release */,
			);
			defaultConfigurationIsVisible = 0;
			defaultConfigurationName = Release;
		};
		A098976625F35FFE00BFA25F /* Build configuration list for PBXNativeTarget "counterUITests" */ = {
			isa = XCConfigurationList;
			buildConfigurations = (
				A098976725F35FFE00BFA25F /* Debug */,
				A098976825F35FFE00BFA25F /* Release */,
			);
			defaultConfigurationIsVisible = 0;
			defaultConfigurationName = Release;
		};
/* End XCConfigurationList section */
	};
	rootObject = A098972E25F35FFC00BFA25F /* Project object */;
}
